
Microsoft Visual Studio Solution File, Format Version 12.00
# Visual Studio Version 16
VisualStudioVersion = 16.0.30717.126
MinimumVisualStudioVersion = 10.0.40219.1
Project("{8BC9CEB8-8B4A-11D0-8D11-00A0C91BC942}") = "Project3", "Project3\Project3.vcxproj", "{EACD961E-8B94-4BC1-BC21-3C4E839D4AF0}"
EndProject
Global
	GlobalSection(SolutionConfigurationPlatforms) = preSolution
		Debug|x64 = Debug|x64
		Debug|x86 = Debug|x86
		Release|x64 = Release|x64
		Release|x86 = Release|x86
	EndGlobalSection
	GlobalSection(ProjectConfigurationPlatforms) = postSolution
		{EACD961E-8B94-4BC1-BC21-3C4E839D4AF0}.Debug|x64.ActiveCfg = Debug|x64
		{EACD961E-8B94-4BC1-BC21-3C4E839D4AF0}.Debug|x64.Build.0 = Debug|x64
		{EACD961E-8B94-4BC1-BC21-3C4E839D4AF0}.Debug|x86.ActiveCfg = Debug|Win32
		{EACD961E-8B94-4BC1-BC21-3C4E839D4AF0}.Debug|x86.Build.0 = Debug|Win32
		{EACD961E-8B94-4BC1-BC21-3C4E839D4AF0}.Release|x64.ActiveCfg = Release|x64
		{EACD961E-8B94-4BC1-BC21-3C4E839D4AF0}.Release|x64.Build.0 = Release|x64
		{EACD961E-8B94-4BC1-BC21-3C4E839D4AF0}.Release|x86.ActiveCfg = Release|Win32
		{EACD961E-8B94-4BC1-BC21-3C4E839D4AF0}.Release|x86.Build.0 = Release|Win32
	EndGlobalSection
	GlobalSection(SolutionProperties) = preSolution
		HideSolutionNode = FALSE
	EndGlobalSection
	GlobalSection(ExtensibilityGlobals) = postSolution
		SolutionGuid = {1AAD414C-0E48-4BDE-B565-B3C25C2D28AF}
	EndGlobalSection
EndGlobal
